
Microsoft Visual Studio Solution File, Format Version 12.00
# Visual Studio Version 17
VisualStudioVersion = 17.6.33513.286
MinimumVisualStudioVersion = 10.0.40219.1
Project("{9A19103F-16F7-4668-BE54-9A1E7A4F7556}") = "MarketData", "MarketData\MarketData.csproj", "{8735FA9A-9FBC-4BB7-808E-8FD5259FCF8F}"
EndProject
Project("{9A19103F-16F7-4668-BE54-9A1E7A4F7556}") = "MarketData.IG", "MarketData.IG\MarketData.IG.csproj", "{40F2465E-06CE-410C-9473-316CACA987D8}"
EndProject
Project("{FAE04EC0-301F-11D3-BF4B-00C04F79EFBC}") = "MarketData.ML", "MarketData.ML\MarketData.ML.csproj", "{550C50EB-9F56-4831-A381-D3A3BC9BBE1B}"
EndProject
Global
	GlobalSection(SolutionConfigurationPlatforms) = preSolution
		Debug|Any CPU = Debug|Any CPU
		Release|Any CPU = Release|Any CPU
	EndGlobalSection
	GlobalSection(ProjectConfigurationPlatforms) = postSolution
		{8735FA9A-9FBC-4BB7-808E-8FD5259FCF8F}.Debug|Any CPU.ActiveCfg = Debug|Any CPU
		{8735FA9A-9FBC-4BB7-808E-8FD5259FCF8F}.Debug|Any CPU.Build.0 = Debug|Any CPU
		{8735FA9A-9FBC-4BB7-808E-8FD5259FCF8F}.Release|Any CPU.ActiveCfg = Release|Any CPU
		{8735FA9A-9FBC-4BB7-808E-8FD5259FCF8F}.Release|Any CPU.Build.0 = Release|Any CPU
		{40F2465E-06CE-410C-9473-316CACA987D8}.Debug|Any CPU.ActiveCfg = Debug|Any CPU
		{40F2465E-06CE-410C-9473-316CACA987D8}.Debug|Any CPU.Build.0 = Debug|Any CPU
		{40F2465E-06CE-410C-9473-316CACA987D8}.Release|Any CPU.ActiveCfg = Release|Any CPU
		{40F2465E-06CE-410C-9473-316CACA987D8}.Release|Any CPU.Build.0 = Release|Any CPU
		{550C50EB-9F56-4831-A381-D3A3BC9BBE1B}.Debug|Any CPU.ActiveCfg = Debug|Any CPU
		{550C50EB-9F56-4831-A381-D3A3BC9BBE1B}.Debug|Any CPU.Build.0 = Debug|Any CPU
		{550C50EB-9F56-4831-A381-D3A3BC9BBE1B}.Release|Any CPU.ActiveCfg = Release|Any CPU
		{550C50EB-9F56-4831-A381-D3A3BC9BBE1B}.Release|Any CPU.Build.0 = Release|Any CPU
	EndGlobalSection
	GlobalSection(SolutionProperties) = preSolution
		HideSolutionNode = FALSE
	EndGlobalSection
	GlobalSection(ExtensibilityGlobals) = postSolution
		SolutionGuid = {2A21082B-F7C7-4DB1-90EF-E3DFA73837E0}
	EndGlobalSection
EndGlobal
